
Microsoft Visual Studio Solution File, Format Version 12.00
# Visual Studio Version 17
VisualStudioVersion = 17.5.002.0
MinimumVisualStudioVersion = 10.0.40219.1
Project("{9A19103F-16F7-4668-BE54-9A1E7A4F7556}") = "RaspPiBme", "RaspPiBme.csproj", "{E7EE4B2B-033C-4F2D-A96E-C3A4440BFEA0}"
EndProject
Global
	GlobalSection(SolutionConfigurationPlatforms) = preSolution
		Debug|Any CPU = Debug|Any CPU
		Release|Any CPU = Release|Any CPU
	EndGlobalSection
	GlobalSection(ProjectConfigurationPlatforms) = postSolution
		{E7EE4B2B-033C-4F2D-A96E-C3A4440BFEA0}.Debug|Any CPU.ActiveCfg = Debug|Any CPU
		{E7EE4B2B-033C-4F2D-A96E-C3A4440BFEA0}.Debug|Any CPU.Build.0 = Debug|Any CPU
		{E7EE4B2B-033C-4F2D-A96E-C3A4440BFEA0}.Release|Any CPU.ActiveCfg = Release|Any CPU
		{E7EE4B2B-033C-4F2D-A96E-C3A4440BFEA0}.Release|Any CPU.Build.0 = Release|Any CPU
	EndGlobalSection
	GlobalSection(SolutionProperties) = preSolution
		HideSolutionNode = FALSE
	EndGlobalSection
	GlobalSection(ExtensibilityGlobals) = postSolution
		SolutionGuid = {6C9900B8-1FCE-46E9-9944-AA84214EA255}
	EndGlobalSection
EndGlobal
